// !$*UTF8*$!
{
	archiveVersion = 1;
	classes = {
	};
	objectVersion = 46;
	objects = {

/* Begin PBXBuildFile section */
		9D123D241DCC0AFD009C3E6E /* AppDelegate.swift in Sources */ = {isa = PBXBuildFile; fileRef = 9D123D231DCC0AFD009C3E6E /* AppDelegate.swift */; };
		9D123D291DCC0AFD009C3E6E /* Main.storyboard in Resources */ = {isa = PBXBuildFile; fileRef = 9D123D271DCC0AFD009C3E6E /* Main.storyboard */; };
		9D123D2B1DCC0AFD009C3E6E /* Assets.xcassets in Resources */ = {isa = PBXBuildFile; fileRef = 9D123D2A1DCC0AFD009C3E6E /* Assets.xcassets */; };
		9D123D2E1DCC0AFD009C3E6E /* LaunchScreen.storyboard in Resources */ = {isa = PBXBuildFile; fileRef = 9D123D2C1DCC0AFD009C3E6E /* LaunchScreen.storyboard */; };
		9D123D391DCC0AFD009C3E6E /* iQuizTests.swift in Sources */ = {isa = PBXBuildFile; fileRef = 9D123D381DCC0AFD009C3E6E /* iQuizTests.swift */; };
		9D123D441DCC0AFD009C3E6E /* iQuizUITests.swift in Sources */ = {isa = PBXBuildFile; fileRef = 9D123D431DCC0AFD009C3E6E /* iQuizUITests.swift */; };
		9D6D704E1DCC3972004F1FC7 /* QuizTableViewController.swift in Sources */ = {isa = PBXBuildFile; fileRef = 9D6D704D1DCC3972004F1FC7 /* QuizTableViewController.swift */; };
		9D6D70501DCC3A7A004F1FC7 /* QuizTableViewCell.swift in Sources */ = {isa = PBXBuildFile; fileRef = 9D6D704F1DCC3A7A004F1FC7 /* QuizTableViewCell.swift */; };
		9D74FC611DD414890098E53F /* QuestionModel.swift in Sources */ = {isa = PBXBuildFile; fileRef = 9D74FC601DD414890098E53F /* QuestionModel.swift */; };
		9D85F2591DD587B200DB7476 /* ResultsViewController.swift in Sources */ = {isa = PBXBuildFile; fileRef = 9D85F2581DD587B200DB7476 /* ResultsViewController.swift */; };
		9DF4CBF61DD2DDF7007C63BC /* QuestionViewController.swift in Sources */ = {isa = PBXBuildFile; fileRef = 9DF4CBF51DD2DDF7007C63BC /* QuestionViewController.swift */; };
		9DF4CBF81DD2DE0A007C63BC /* AnswerViewController.swift in Sources */ = {isa = PBXBuildFile; fileRef = 9DF4CBF71DD2DE0A007C63BC /* AnswerViewController.swift */; };
/* End PBXBuildFile section */

/* Begin PBXContainerItemProxy section */
		9D123D351DCC0AFD009C3E6E /* PBXContainerItemProxy */ = {
			isa = PBXContainerItemProxy;
			containerPortal = 9D123D181DCC0AFD009C3E6E /* Project object */;
			proxyType = 1;
			remoteGlobalIDString = 9D123D1F1DCC0AFD009C3E6E;
			remoteInfo = iQuiz;
		};
		9D123D401DCC0AFD009C3E6E /* PBXContainerItemProxy */ = {
			isa = PBXContainerItemProxy;
			containerPortal = 9D123D181DCC0AFD009C3E6E /* Project object */;
			proxyType = 1;
			remoteGlobalIDString = 9D123D1F1DCC0AFD009C3E6E;
			remoteInfo = iQuiz;
		};
/* End PBXContainerItemProxy section */

/* Begin PBXFileReference section */
		9D123D201DCC0AFD009C3E6E /* iQuiz.app */ = {isa = PBXFileReference; explicitFileType = wrapper.application; includeInIndex = 0; path = iQuiz.app; sourceTree = BUILT_PRODUCTS_DIR; };
		9D123D231DCC0AFD009C3E6E /* AppDelegate.swift */ = {isa = PBXFileReference; lastKnownFileType = sourcecode.swift; path = AppDelegate.swift; sourceTree = "<group>"; };
		9D123D281DCC0AFD009C3E6E /* Base */ = {isa = PBXFileReference; lastKnownFileType = file.storyboard; name = Base; path = Base.lproj/Main.storyboard; sourceTree = "<group>"; };
		9D123D2A1DCC0AFD009C3E6E /* Assets.xcassets */ = {isa = PBXFileReference; lastKnownFileType = folder.assetcatalog; path = Assets.xcassets; sourceTree = "<group>"; };
		9D123D2D1DCC0AFD009C3E6E /* Base */ = {isa = PBXFileReference; lastKnownFileType = file.storyboard; name = Base; path = Base.lproj/LaunchScreen.storyboard; sourceTree = "<group>"; };
		9D123D2F1DCC0AFD009C3E6E /* Info.plist */ = {isa = PBXFileReference; lastKnownFileType = text.plist.xml; path = Info.plist; sourceTree = "<group>"; };
		9D123D341DCC0AFD009C3E6E /* iQuizTests.xctest */ = {isa = PBXFileReference; explicitFileType = wrapper.cfbundle; includeInIndex = 0; path = iQuizTests.xctest; sourceTree = BUILT_PRODUCTS_DIR; };
		9D123D381DCC0AFD009C3E6E /* iQuizTests.swift */ = {isa = PBXFileReference; lastKnownFileType = sourcecode.swift; path = iQuizTests.swift; sourceTree = "<group>"; };
		9D123D3A1DCC0AFD009C3E6E /* Info.plist */ = {isa = PBXFileReference; lastKnownFileType = text.plist.xml; path = Info.plist; sourceTree = "<group>"; };
		9D123D3F1DCC0AFD009C3E6E /* iQuizUITests.xctest */ = {isa = PBXFileReference; explicitFileType = wrapper.cfbundle; includeInIndex = 0; path = iQuizUITests.xctest; sourceTree = BUILT_PRODUCTS_DIR; };
		9D123D431DCC0AFD009C3E6E /* iQuizUITests.swift */ = {isa = PBXFileReference; lastKnownFileType = sourcecode.swift; path = iQuizUITests.swift; sourceTree = "<group>"; };
		9D123D451DCC0AFD009C3E6E /* Info.plist */ = {isa = PBXFileReference; lastKnownFileType = text.plist.xml; path = Info.plist; sourceTree = "<group>"; };
		9D6D704D1DCC3972004F1FC7 /* QuizTableViewController.swift */ = {isa = PBXFileReference; fileEncoding = 4; lastKnownFileType = sourcecode.swift; path = QuizTableViewController.swift; sourceTree = "<group>"; };
		9D6D704F1DCC3A7A004F1FC7 /* QuizTableViewCell.swift */ = {isa = PBXFileReference; fileEncoding = 4; lastKnownFileType = sourcecode.swift; path = QuizTableViewCell.swift; sourceTree = "<group>"; };
		9D74FC601DD414890098E53F /* QuestionModel.swift */ = {isa = PBXFileReference; fileEncoding = 4; lastKnownFileType = sourcecode.swift; path = QuestionModel.swift; sourceTree = "<group>"; };
		9D85F2581DD587B200DB7476 /* ResultsViewController.swift */ = {isa = PBXFileReference; fileEncoding = 4; lastKnownFileType = sourcecode.swift; path = ResultsViewController.swift; sourceTree = "<group>"; };
		9DF4CBF51DD2DDF7007C63BC /* QuestionViewController.swift */ = {isa = PBXFileReference; fileEncoding = 4; lastKnownFileType = sourcecode.swift; path = QuestionViewController.swift; sourceTree = "<group>"; };
		9DF4CBF71DD2DE0A007C63BC /* AnswerViewController.swift */ = {isa = PBXFileReference; fileEncoding = 4; lastKnownFileType = sourcecode.swift; path = AnswerViewController.swift; sourceTree = "<group>"; };
/* End PBXFileReference section */

/* Begin PBXFrameworksBuildPhase section */
		9D123D1D1DCC0AFD009C3E6E /* Frameworks */ = {
			isa = PBXFrameworksBuildPhase;
			buildActionMask = 2147483647;
			files = (
			);
			runOnlyForDeploymentPostprocessing = 0;
		};
		9D123D311DCC0AFD009C3E6E /* Frameworks */ = {
			isa = PBXFrameworksBuildPhase;
			buildActionMask = 2147483647;
			files = (
			);
			runOnlyForDeploymentPostprocessing = 0;
		};
		9D123D3C1DCC0AFD009C3E6E /* Frameworks */ = {
			isa = PBXFrameworksBuildPhase;
			buildActionMask = 2147483647;
			files = (
			);
			runOnlyForDeploymentPostprocessing = 0;
		};
/* End PBXFrameworksBuildPhase section */

/* Begin PBXGroup section */
		9D123D171DCC0AFD009C3E6E = {
			isa = PBXGroup;
			children = (
				9D123D221DCC0AFD009C3E6E /* iQuiz */,
				9D123D371DCC0AFD009C3E6E /* iQuizTests */,
				9D123D421DCC0AFD009C3E6E /* iQuizUITests */,
				9D123D211DCC0AFD009C3E6E /* Products */,
			);
			sourceTree = "<group>";
		};
		9D123D211DCC0AFD009C3E6E /* Products */ = {
			isa = PBXGroup;
			children = (
				9D123D201DCC0AFD009C3E6E /* iQuiz.app */,
				9D123D341DCC0AFD009C3E6E /* iQuizTests.xctest */,
				9D123D3F1DCC0AFD009C3E6E /* iQuizUITests.xctest */,
			);
			name = Products;
			sourceTree = "<group>";
		};
		9D123D221DCC0AFD009C3E6E /* iQuiz */ = {
			isa = PBXGroup;
			children = (
				9D123D231DCC0AFD009C3E6E /* AppDelegate.swift */,
				9D6D704D1DCC3972004F1FC7 /* QuizTableViewController.swift */,
				9D6D704F1DCC3A7A004F1FC7 /* QuizTableViewCell.swift */,
				9DF4CBF51DD2DDF7007C63BC /* QuestionViewController.swift */,
				9DF4CBF71DD2DE0A007C63BC /* AnswerViewController.swift */,
				9D85F2581DD587B200DB7476 /* ResultsViewController.swift */,
				9D74FC601DD414890098E53F /* QuestionModel.swift */,
				9D123D271DCC0AFD009C3E6E /* Main.storyboard */,
				9D123D2A1DCC0AFD009C3E6E /* Assets.xcassets */,
				9D123D2C1DCC0AFD009C3E6E /* LaunchScreen.storyboard */,
				9D123D2F1DCC0AFD009C3E6E /* Info.plist */,
			);
			path = iQuiz;
			sourceTree = "<group>";
		};
		9D123D371DCC0AFD009C3E6E /* iQuizTests */ = {
			isa = PBXGroup;
			children = (
				9D123D381DCC0AFD009C3E6E /* iQuizTests.swift */,
				9D123D3A1DCC0AFD009C3E6E /* Info.plist */,
			);
			path = iQuizTests;
			sourceTree = "<group>";
		};
		9D123D421DCC0AFD009C3E6E /* iQuizUITests */ = {
			isa = PBXGroup;
			children = (
				9D123D431DCC0AFD009C3E6E /* iQuizUITests.swift */,
				9D123D451DCC0AFD009C3E6E /* Info.plist */,
			);
			path = iQuizUITests;
			sourceTree = "<group>";
		};
/* End PBXGroup section */

/* Begin PBXNativeTarget section */
		9D123D1F1DCC0AFD009C3E6E /* iQuiz */ = {
			isa = PBXNativeTarget;
			buildConfigurationList = 9D123D481DCC0AFD009C3E6E /* Build configuration list for PBXNativeTarget "iQuiz" */;
			buildPhases = (
				9D123D1C1DCC0AFD009C3E6E /* Sources */,
				9D123D1D1DCC0AFD009C3E6E /* Frameworks */,
				9D123D1E1DCC0AFD009C3E6E /* Resources */,
			);
			buildRules = (
			);
			dependencies = (
			);
			name = iQuiz;
			productName = iQuiz;
			productReference = 9D123D201DCC0AFD009C3E6E /* iQuiz.app */;
			productType = "com.apple.product-type.application";
		};
		9D123D331DCC0AFD009C3E6E /* iQuizTests */ = {
			isa = PBXNativeTarget;
			buildConfigurationList = 9D123D4B1DCC0AFD009C3E6E /* Build configuration list for PBXNativeTarget "iQuizTests" */;
			buildPhases = (
				9D123D301DCC0AFD009C3E6E /* Sources */,
				9D123D311DCC0AFD009C3E6E /* Frameworks */,
				9D123D321DCC0AFD009C3E6E /* Resources */,
			);
			buildRules = (
			);
			dependencies = (
				9D123D361DCC0AFD009C3E6E /* PBXTargetDependency */,
			);
			name = iQuizTests;
			productName = iQuizTests;
			productReference = 9D123D341DCC0AFD009C3E6E /* iQuizTests.xctest */;
			productType = "com.apple.product-type.bundle.unit-test";
		};
		9D123D3E1DCC0AFD009C3E6E /* iQuizUITests */ = {
			isa = PBXNativeTarget;
			buildConfigurationList = 9D123D4E1DCC0AFD009C3E6E /* Build configuration list for PBXNativeTarget "iQuizUITests" */;
			buildPhases = (
				9D123D3B1DCC0AFD009C3E6E /* Sources */,
				9D123D3C1DCC0AFD009C3E6E /* Frameworks */,
				9D123D3D1DCC0AFD009C3E6E /* Resources */,
			);
			buildRules = (
			);
			dependencies = (
				9D123D411DCC0AFD009C3E6E /* PBXTargetDependency */,
			);
			name = iQuizUITests;
			productName = iQuizUITests;
			productReference = 9D123D3F1DCC0AFD009C3E6E /* iQuizUITests.xctest */;
			productType = "com.apple.product-type.bundle.ui-testing";
		};
/* End PBXNativeTarget section */

/* Begin PBXProject section */
		9D123D181DCC0AFD009C3E6E /* Project object */ = {
			isa = PBXProject;
			attributes = {
				LastSwiftUpdateCheck = 0800;
				LastUpgradeCheck = 0800;
				ORGANIZATIONNAME = yulongproductions;
				TargetAttributes = {
					9D123D1F1DCC0AFD009C3E6E = {
						CreatedOnToolsVersion = 8.0;
						ProvisioningStyle = Automatic;
					};
					9D123D331DCC0AFD009C3E6E = {
						CreatedOnToolsVersion = 8.0;
						ProvisioningStyle = Automatic;
						TestTargetID = 9D123D1F1DCC0AFD009C3E6E;
					};
					9D123D3E1DCC0AFD009C3E6E = {
						CreatedOnToolsVersion = 8.0;
						ProvisioningStyle = Automatic;
						TestTargetID = 9D123D1F1DCC0AFD009C3E6E;
					};
				};
			};
			buildConfigurationList = 9D123D1B1DCC0AFD009C3E6E /* Build configuration list for PBXProject "iQuiz" */;
			compatibilityVersion = "Xcode 3.2";
			developmentRegion = English;
			hasScannedForEncodings = 0;
			knownRegions = (
				en,
				Base,
			);
			mainGroup = 9D123D171DCC0AFD009C3E6E;
			productRefGroup = 9D123D211DCC0AFD009C3E6E /* Products */;
			projectDirPath = "";
			projectRoot = "";
			targets = (
				9D123D1F1DCC0AFD009C3E6E /* iQuiz */,
				9D123D331DCC0AFD009C3E6E /* iQuizTests */,
				9D123D3E1DCC0AFD009C3E6E /* iQuizUITests */,
			);
		};
/* End PBXProject section */

/* Begin PBXResourcesBuildPhase section */
		9D123D1E1DCC0AFD009C3E6E /* Resources */ = {
			isa = PBXResourcesBuildPhase;
			buildActionMask = 2147483647;
			files = (
				9D123D2E1DCC0AFD009C3E6E /* LaunchScreen.storyboard in Resources */,
				9D123D2B1DCC0AFD009C3E6E /* Assets.xcassets in Resources */,
				9D123D291DCC0AFD009C3E6E /* Main.storyboard in Resources */,
			);
			runOnlyForDeploymentPostprocessing = 0;
		};
		9D123D321DCC0AFD009C3E6E /* Resources */ = {
			isa = PBXResourcesBuildPhase;
			buildActionMask = 2147483647;
			files = (
			);
			runOnlyForDeploymentPostprocessing = 0;
		};
		9D123D3D1DCC0AFD009C3E6E /* Resources */ = {
			isa = PBXResourcesBuildPhase;
			buildActionMask = 2147483647;
			files = (
			);
			runOnlyForDeploymentPostprocessing = 0;
		};
/* End PBXResourcesBuildPhase section */

/* Begin PBXSourcesBuildPhase section */
		9D123D1C1DCC0AFD009C3E6E /* Sources */ = {
			isa = PBXSourcesBuildPhase;
			buildActionMask = 2147483647;
			files = (
				9D123D241DCC0AFD009C3E6E /* AppDelegate.swift in Sources */,
				9D6D704E1DCC3972004F1FC7 /* QuizTableViewController.swift in Sources */,
				9DF4CBF81DD2DE0A007C63BC /* AnswerViewController.swift in Sources */,
				9D85F2591DD587B200DB7476 /* ResultsViewController.swift in Sources */,
				9D74FC611DD414890098E53F /* QuestionModel.swift in Sources */,
				9DF4CBF61DD2DDF7007C63BC /* QuestionViewController.swift in Sources */,
				9D6D70501DCC3A7A004F1FC7 /* QuizTableViewCell.swift in Sources */,
			);
			runOnlyForDeploymentPostprocessing = 0;
		};
		9D123D301DCC0AFD009C3E6E /* Sources */ = {
			isa = PBXSourcesBuildPhase;
			buildActionMask = 2147483647;
			files = (
				9D123D391DCC0AFD009C3E6E /* iQuizTests.swift in Sources */,
			);
			runOnlyForDeploymentPostprocessing = 0;
		};
		9D123D3B1DCC0AFD009C3E6E /* Sources */ = {
			isa = PBXSourcesBuildPhase;
			buildActionMask = 2147483647;
			files = (
				9D123D441DCC0AFD009C3E6E /* iQuizUITests.swift in Sources */,
			);
			runOnlyForDeploymentPostprocessing = 0;
		};
/* End PBXSourcesBuildPhase section */

/* Begin PBXTargetDependency section */
		9D123D361DCC0AFD009C3E6E /* PBXTargetDependency */ = {
			isa = PBXTargetDependency;
			target = 9D123D1F1DCC0AFD009C3E6E /* iQuiz */;
			targetProxy = 9D123D351DCC0AFD009C3E6E /* PBXContainerItemProxy */;
		};
		9D123D411DCC0AFD009C3E6E /* PBXTargetDependency */ = {
			isa = PBXTargetDependency;
			target = 9D123D1F1DCC0AFD009C3E6E /* iQuiz */;
			targetProxy = 9D123D401DCC0AFD009C3E6E /* PBXContainerItemProxy */;
		};
/* End PBXTargetDependency section */

/* Begin PBXVariantGroup section */
		9D123D271DCC0AFD009C3E6E /* Main.storyboard */ = {
			isa = PBXVariantGroup;
			children = (
				9D123D281DCC0AFD009C3E6E /* Base */,
			);
			name = Main.storyboard;
			sourceTree = "<group>";
		};
		9D123D2C1DCC0AFD009C3E6E /* LaunchScreen.storyboard */ = {
			isa = PBXVariantGroup;
			children = (
				9D123D2D1DCC0AFD009C3E6E /* Base */,
			);
			name = LaunchScreen.storyboard;
			sourceTree = "<group>";
		};
/* End PBXVariantGroup section */

/* Begin XCBuildConfiguration section */
		9D123D461DCC0AFD009C3E6E /* Debug */ = {
			isa = XCBuildConfiguration;
			buildSettings = {
				ALWAYS_SEARCH_USER_PATHS = NO;
				CLANG_ANALYZER_NONNULL = YES;
				CLANG_CXX_LANGUAGE_STANDARD = "gnu++0x";
				CLANG_CXX_LIBRARY = "libc++";
				CLANG_ENABLE_MODULES = YES;
				CLANG_ENABLE_OBJC_ARC = YES;
				CLANG_WARN_BOOL_CONVERSION = YES;
				CLANG_WARN_CONSTANT_CONVERSION = YES;
				CLANG_WARN_DIRECT_OBJC_ISA_USAGE = YES_ERROR;
				CLANG_WARN_DOCUMENTATION_COMMENTS = YES;
				CLANG_WARN_EMPTY_BODY = YES;
				CLANG_WARN_ENUM_CONVERSION = YES;
				CLANG_WARN_INFINITE_RECURSION = YES;
				CLANG_WARN_INT_CONVERSION = YES;
				CLANG_WARN_OBJC_ROOT_CLASS = YES_ERROR;
				CLANG_WARN_SUSPICIOUS_MOVES = YES;
				CLANG_WARN_UNREACHABLE_CODE = YES;
				CLANG_WARN__DUPLICATE_METHOD_MATCH = YES;
				"CODE_SIGN_IDENTITY[sdk=iphoneos*]" = "iPhone Developer";
				COPY_PHASE_STRIP = NO;
				DEBUG_INFORMATION_FORMAT = dwarf;
				ENABLE_STRICT_OBJC_MSGSEND = YES;
				ENABLE_TESTABILITY = YES;
				GCC_C_LANGUAGE_STANDARD = gnu99;
				GCC_DYNAMIC_NO_PIC = NO;
				GCC_NO_COMMON_BLOCKS = YES;
				GCC_OPTIMIZATION_LEVEL = 0;
				GCC_PREPROCESSOR_DEFINITIONS = (
					"DEBUG=1",
					"$(inherited)",
				);
				GCC_WARN_64_TO_32_BIT_CONVERSION = YES;
				GCC_WARN_ABOUT_RETURN_TYPE = YES_ERROR;
				GCC_WARN_UNDECLARED_SELECTOR = YES;
				GCC_WARN_UNINITIALIZED_AUTOS = YES_AGGRESSIVE;
				GCC_WARN_UNUSED_FUNCTION = YES;
				GCC_WARN_UNUSED_VARIABLE = YES;
				IPHONEOS_DEPLOYMENT_TARGET = 10.0;
				MTL_ENABLE_DEBUG_INFO = YES;
				ONLY_ACTIVE_ARCH = YES;
				SDKROOT = iphoneos;
				SWIFT_ACTIVE_COMPILATION_CONDITIONS = DEBUG;
				SWIFT_OPTIMIZATION_LEVEL = "-Onone";
				TARGETED_DEVICE_FAMILY = "1,2";
			};
			name = Debug;
		};
		9D123D471DCC0AFD009C3E6E /* Release */ = {
			isa = XCBuildConfiguration;
			buildSettings = {
				ALWAYS_SEARCH_USER_PATHS = NO;
				CLANG_ANALYZER_NONNULL = YES;
				CLANG_CXX_LANGUAGE_STANDARD = "gnu++0x";
				CLANG_CXX_LIBRARY = "libc++";
				CLANG_ENABLE_MODULES = YES;
				CLANG_ENABLE_OBJC_ARC = YES;
				CLANG_WARN_BOOL_CONVERSION = YES;
				CLANG_WARN_CONSTANT_CONVERSION = YES;
				CLANG_WARN_DIRECT_OBJC_ISA_USAGE = YES_ERROR;
				CLANG_WARN_DOCUMENTATION_COMMENTS = YES;
				CLANG_WARN_EMPTY_BODY = YES;
				CLANG_WARN_ENUM_CONVERSION = YES;
				CLANG_WARN_INFINITE_RECURSION = YES;
				CLANG_WARN_INT_CONVERSION = YES;
				CLANG_WARN_OBJC_ROOT_CLASS = YES_ERROR;
				CLANG_WARN_SUSPICIOUS_MOVES = YES;
				CLANG_WARN_UNREACHABLE_CODE = YES;
				CLANG_WARN__DUPLICATE_METHOD_MATCH = YES;
				"CODE_SIGN_IDENTITY[sdk=iphoneos*]" = "iPhone Developer";
				COPY_PHASE_STRIP = NO;
				DEBUG_INFORMATION_FORMAT = "dwarf-with-dsym";
				ENABLE_NS_ASSERTIONS = NO;
				ENABLE_STRICT_OBJC_MSGSEND = YES;
				GCC_C_LANGUAGE_STANDARD = gnu99;
				GCC_NO_COMMON_BLOCKS = YES;
				GCC_WARN_64_TO_32_BIT_CONVERSION = YES;
				GCC_WARN_ABOUT_RETURN_TYPE = YES_ERROR;
				GCC_WARN_UNDECLARED_SELECTOR = YES;
				GCC_WARN_UNINITIALIZED_AUTOS = YES_AGGRESSIVE;
				GCC_WARN_UNUSED_FUNCTION = YES;
				GCC_WARN_UNUSED_VARIABLE = YES;
				IPHONEOS_DEPLOYMENT_TARGET = 10.0;
				MTL_ENABLE_DEBUG_INFO = NO;
				SDKROOT = iphoneos;
				SWIFT_OPTIMIZATION_LEVEL = "-Owholemodule";
				TARGETED_DEVICE_FAMILY = "1,2";
				VALIDATE_PRODUCT = YES;
			};
			name = Release;
		};
		9D123D491DCC0AFD009C3E6E /* Debug */ = {
			isa = XCBuildConfiguration;
			buildSettings = {
				ASSETCATALOG_COMPILER_APPICON_NAME = AppIcon;
				INFOPLIST_FILE = iQuiz/Info.plist;
				LD_RUNPATH_SEARCH_PATHS = "$(inherited) @executable_path/Frameworks";
				PRODUCT_BUNDLE_IDENTIFIER = com.yulongproductions.iQuiz;
				PRODUCT_NAME = "$(TARGET_NAME)";
				SWIFT_VERSION = 3.0;
			};
			name = Debug;
		};
		9D123D4A1DCC0AFD009C3E6E /* Release */ = {
			isa = XCBuildConfiguration;
			buildSettings = {
				ASSETCATALOG_COMPILER_APPICON_NAME = AppIcon;
				INFOPLIST_FILE = iQuiz/Info.plist;
				LD_RUNPATH_SEARCH_PATHS = "$(inherited) @executable_path/Frameworks";
				PRODUCT_BUNDLE_IDENTIFIER = com.yulongproductions.iQuiz;
				PRODUCT_NAME = "$(TARGET_NAME)";
				SWIFT_VERSION = 3.0;
			};
			name = Release;
		};
		9D123D4C1DCC0AFD009C3E6E /* Debug */ = {
			isa = XCBuildConfiguration;
			buildSettings = {
				ALWAYS_EMBED_SWIFT_STANDARD_LIBRARIES = YES;
				BUNDLE_LOADER = "$(TEST_HOST)";
				INFOPLIST_FILE = iQuizTests/Info.plist;
				LD_RUNPATH_SEARCH_PATHS = "$(inherited) @executable_path/Frameworks @loader_path/Frameworks";
				PRODUCT_BUNDLE_IDENTIFIER = com.yulongproductions.iQuizTests;
				PRODUCT_NAME = "$(TARGET_NAME)";
				SWIFT_VERSION = 3.0;
				TEST_HOST = "$(BUILT_PRODUCTS_DIR)/iQuiz.app/iQuiz";
			};
			name = Debug;
		};
		9D123D4D1DCC0AFD009C3E6E /* Release */ = {
			isa = XCBuildConfiguration;
			buildSettings = {
				ALWAYS_EMBED_SWIFT_STANDARD_LIBRARIES = YES;
				BUNDLE_LOADER = "$(TEST_HOST)";
				INFOPLIST_FILE = iQuizTests/Info.plist;
				LD_RUNPATH_SEARCH_PATHS = "$(inherited) @executable_path/Frameworks @loader_path/Frameworks";
				PRODUCT_BUNDLE_IDENTIFIER = com.yulongproductions.iQuizTests;
				PRODUCT_NAME = "$(TARGET_NAME)";
				SWIFT_VERSION = 3.0;
				TEST_HOST = "$(BUILT_PRODUCTS_DIR)/iQuiz.app/iQuiz";
			};
			name = Release;
		};
		9D123D4F1DCC0AFD009C3E6E /* Debug */ = {
			isa = XCBuildConfiguration;
			buildSettings = {
				ALWAYS_EMBED_SWIFT_STANDARD_LIBRARIES = YES;
				INFOPLIST_FILE = iQuizUITests/Info.plist;
				LD_RUNPATH_SEARCH_PATHS = "$(inherited) @executable_path/Frameworks @loader_path/Frameworks";
				PRODUCT_BUNDLE_IDENTIFIER = com.yulongproductions.iQuizUITests;
				PRODUCT_NAME = "$(TARGET_NAME)";
				SWIFT_VERSION = 3.0;
				TEST_TARGET_NAME = iQuiz;
			};
			name = Debug;
		};
		9D123D501DCC0AFD009C3E6E /* Release */ = {
			isa = XCBuildConfiguration;
			buildSettings = {
				ALWAYS_EMBED_SWIFT_STANDARD_LIBRARIES = YES;
				INFOPLIST_FILE = iQuizUITests/Info.plist;
				LD_RUNPATH_SEARCH_PATHS = "$(inherited) @executable_path/Frameworks @loader_path/Frameworks";
				PRODUCT_BUNDLE_IDENTIFIER = com.yulongproductions.iQuizUITests;
				PRODUCT_NAME = "$(TARGET_NAME)";
				SWIFT_VERSION = 3.0;
				TEST_TARGET_NAME = iQuiz;
			};
			name = Release;
		};
/* End XCBuildConfiguration section */

/* Begin XCConfigurationList section */
		9D123D1B1DCC0AFD009C3E6E /* Build configuration list for PBXProject "iQuiz" */ = {
			isa = XCConfigurationList;
			buildConfigurations = (
				9D123D461DCC0AFD009C3E6E /* Debug */,
				9D123D471DCC0AFD009C3E6E /* Release */,
			);
			defaultConfigurationIsVisible = 0;
			defaultConfigurationName = Release;
		};
		9D123D481DCC0AFD009C3E6E /* Build configuration list for PBXNativeTarget "iQuiz" */ = {
			isa = XCConfigurationList;
			buildConfigurations = (
				9D123D491DCC0AFD009C3E6E /* Debug */,
				9D123D4A1DCC0AFD009C3E6E /* Release */,
			);
			defaultConfigurationIsVisible = 0;
			defaultConfigurationName = Release;
		};
		9D123D4B1DCC0AFD009C3E6E /* Build configuration list for PBXNativeTarget "iQuizTests" */ = {
			isa = XCConfigurationList;
			buildConfigurations = (
				9D123D4C1DCC0AFD009C3E6E /* Debug */,
				9D123D4D1DCC0AFD009C3E6E /* Release */,
			);
			defaultConfigurationIsVisible = 0;
			defaultConfigurationName = Release;
		};
		9D123D4E1DCC0AFD009C3E6E /* Build configuration list for PBXNativeTarget "iQuizUITests" */ = {
			isa = XCConfigurationList;
			buildConfigurations = (
				9D123D4F1DCC0AFD009C3E6E /* Debug */,
				9D123D501DCC0AFD009C3E6E /* Release */,
			);
			defaultConfigurationIsVisible = 0;
			defaultConfigurationName = Release;
		};
/* End XCConfigurationList section */
	};
	rootObject = 9D123D181DCC0AFD009C3E6E /* Project object */;
}
